
Microsoft Visual Studio Solution File, Format Version 12.00
# Visual Studio Version 17
VisualStudioVersion = 17.4.33213.308
MinimumVisualStudioVersion = 10.0.40219.1
Project("{FAE04EC0-301F-11D3-BF4B-00C04F79EFBC}") = "PackageLoader", "PackageLoader.csproj", "{FE558669-D595-4DCC-B17C-DA7A0B6480DC}"
EndProject
Project("{FAE04EC0-301F-11D3-BF4B-00C04F79EFBC}") = "PackageLoader.Core", "..\PackageLoader.Core\PackageLoader.Core.csproj", "{5B0CC90B-945A-42B8-B2C1-850473985F94}"
EndProject
Global
	GlobalSection(SolutionConfigurationPlatforms) = preSolution
		Debug|Any CPU = Debug|Any CPU
		Release|Any CPU = Release|Any CPU
	EndGlobalSection
	GlobalSection(ProjectConfigurationPlatforms) = postSolution
		{FE558669-D595-4DCC-B17C-DA7A0B6480DC}.Debug|Any CPU.ActiveCfg = Debug|Any CPU
		{FE558669-D595-4DCC-B17C-DA7A0B6480DC}.Debug|Any CPU.Build.0 = Debug|Any CPU
		{FE558669-D595-4DCC-B17C-DA7A0B6480DC}.Release|Any CPU.ActiveCfg = Release|Any CPU
		{FE558669-D595-4DCC-B17C-DA7A0B6480DC}.Release|Any CPU.Build.0 = Release|Any CPU
		{5B0CC90B-945A-42B8-B2C1-850473985F94}.Debug|Any CPU.ActiveCfg = Debug|Any CPU
		{5B0CC90B-945A-42B8-B2C1-850473985F94}.Debug|Any CPU.Build.0 = Debug|Any CPU
		{5B0CC90B-945A-42B8-B2C1-850473985F94}.Release|Any CPU.ActiveCfg = Release|Any CPU
		{5B0CC90B-945A-42B8-B2C1-850473985F94}.Release|Any CPU.Build.0 = Release|Any CPU
	EndGlobalSection
	GlobalSection(SolutionProperties) = preSolution
		HideSolutionNode = FALSE
	EndGlobalSection
	GlobalSection(ExtensibilityGlobals) = postSolution
		SolutionGuid = {8D26F6E1-F38D-4171-AE8C-2626FCAFC9EB}
	EndGlobalSection
EndGlobal
